
Microsoft Visual Studio Solution File, Format Version 12.00
# Visual Studio Version 16
VisualStudioVersion = 25.0.1700.6
MinimumVisualStudioVersion = 10.0.40219.1
Project("{FAE04EC0-301F-11D3-BF4B-00C04F79EFBC}") = "Category", "Category\Category.csproj", "{DB47A673-371D-4B31-9426-F1D1CCE5AF47}"
EndProject
Project("{2150E333-8FDC-42A3-9474-1A3956D46DE8}") = "Solution Items", "Solution Items", "{B8369F51-3BD6-480F-900B-CF30415DEAFD}"
	ProjectSection(SolutionItems) = preProject
		Question 2.txt = Question 2.txt
	EndProjectSection
EndProject
Global
	GlobalSection(SolutionConfigurationPlatforms) = preSolution
		Debug|Any CPU = Debug|Any CPU
		Release|Any CPU = Release|Any CPU
	EndGlobalSection
	GlobalSection(ProjectConfigurationPlatforms) = postSolution
		{DB47A673-371D-4B31-9426-F1D1CCE5AF47}.Debug|Any CPU.ActiveCfg = Debug|Any CPU
		{DB47A673-371D-4B31-9426-F1D1CCE5AF47}.Debug|Any CPU.Build.0 = Debug|Any CPU
		{DB47A673-371D-4B31-9426-F1D1CCE5AF47}.Release|Any CPU.ActiveCfg = Release|Any CPU
		{DB47A673-371D-4B31-9426-F1D1CCE5AF47}.Release|Any CPU.Build.0 = Release|Any CPU
	EndGlobalSection
	GlobalSection(SolutionProperties) = preSolution
		HideSolutionNode = FALSE
	EndGlobalSection
	GlobalSection(ExtensibilityGlobals) = postSolution
		SolutionGuid = {42118A39-E3C1-43B7-8F47-EB3E5E85A258}
	EndGlobalSection
EndGlobal
